{
  "nodes": {
    "ace-bot": {
      "inputs": {
        "crane": [
          "crane"
        ],
        "flake-compat": [
          "flake-compat"
        ],
        "flake-parts": [
          "flake-parts"
        ],
        "flake-utils": [
          "flake-utils"
        ],
        "nixpkgs": [
          "nixpkgs"
        ],
        "rust-overlay": [
          "rust-overlay"
        ],
        "treefmt-nix": [
          "treefmt-nix"
        ]
      },
      "locked": {
        "lastModified": 1719764387,
        "narHash": "sha256-OvHOQxKf20p71FMiNRreZC/6pXnd2YxReCxBLb0UkGQ=",
        "owner": "linyinfeng",
        "repo": "ace-bot",
        "rev": "d579c99c9406b79f9048a1d855ada3f25faeb9fb",
        "type": "github"
      },
      "original": {
        "owner": "linyinfeng",
        "repo": "ace-bot",
        "type": "github"
      }
    },
    "angrr": {
      "inputs": {
        "crane": [
          "crane"
        ],
        "flake-compat": [
          "flake-compat"
        ],
        "flake-parts": [
          "flake-parts"
        ],
        "nixpkgs": [
          "nixpkgs"
        ],
        "treefmt-nix": [
          "treefmt-nix"
        ]
      },
      "locked": {
        "lastModified": 1719764316,
        "narHash": "sha256-kDT4vUabPTYlHsnwKLTcou1R+/y4Y5Xluj3+bUEfjHw=",
        "owner": "linyinfeng",
        "repo": "angrr",
        "rev": "c4f86a25f48b4ab437bb6f740d01eafafcbd5ef1",
        "type": "github"
      },
      "original": {
        "owner": "linyinfeng",
        "repo": "angrr",
        "type": "github"
      }
    },
    "blank": {
      "locked": {
        "lastModified": 1625557891,
        "narHash": "sha256-O8/MWsPBGhhyPoPLHZAuoZiiHo9q6FLlEeIDEXuj6T4=",
        "owner": "divnix",
        "repo": "blank",
        "rev": "5a5d2684073d9f563072ed07c871d577a6c614a8",
        "type": "github"
      },
      "original": {
        "owner": "divnix",
        "repo": "blank",
        "type": "github"
      }
    },
    "commit-notifier": {
      "inputs": {
        "crane": [
          "crane"
        ],
        "flake-parts": [
          "flake-parts"
        ],
        "flake-utils": [
          "flake-utils"
        ],
        "nixpkgs": [
          "nixpkgs"
        ],
        "rust-overlay": [
          "rust-overlay"
        ],
        "systems": [
          "systems"
        ],
        "treefmt-nix": [
          "treefmt-nix"
        ]
      },
      "locked": {
        "lastModified": 1719763790,
        "narHash": "sha256-cWSyeH39cimKqyDxeP7DeRckc7XEC7AYAmCLhzExJvQ=",
        "owner": "linyinfeng",
        "repo": "commit-notifier",
        "rev": "89483753640df06e5d0a65fa67031f0eec5f800d",
        "type": "github"
      },
      "original": {
        "owner": "linyinfeng",
        "repo": "commit-notifier",
        "type": "github"
      }
    },
    "crane": {
      "inputs": {
        "nixpkgs": [
          "nixpkgs"
        ]
      },
      "locked": {
        "lastModified": 1719685792,
        "narHash": "sha256-WIoVERD4AN6CmfGSRPy3mfPx2dDbRHgzP2V8z6aNbaY=",
        "owner": "ipetkov",
        "repo": "crane",
        "rev": "aa5dcd0518a422dfd545d565f0d5a25971fea52a",
        "type": "github"
      },
      "original": {
        "owner": "ipetkov",
        "repo": "crane",
        "type": "github"
      }
    },
    "deploy-rs": {
      "inputs": {
        "flake-compat": [
          "flake-compat"
        ],
        "nixpkgs": [
          "nixpkgs"
        ],
        "utils": [
          "flake-utils"
        ]
      },
      "locked": {
        "lastModified": 1718194053,
        "narHash": "sha256-FaGrf7qwZ99ehPJCAwgvNY5sLCqQ3GDiE/6uLhxxwSY=",
        "owner": "serokell",
        "repo": "deploy-rs",
        "rev": "3867348fa92bc892eba5d9ddb2d7a97b9e127a8a",
        "type": "github"
      },
      "original": {
        "owner": "serokell",
        "repo": "deploy-rs",
        "type": "github"
      }
    },
    "devshell": {
      "inputs": {
        "flake-utils": [
          "flake-utils"
        ],
        "nixpkgs": [
          "nixpkgs"
        ]
      },
      "locked": {
        "lastModified": 1717408969,
        "narHash": "sha256-Q0OEFqe35fZbbRPPRdrjTUUChKVhhWXz3T9ZSKmaoVY=",
        "owner": "numtide",
        "repo": "devshell",
        "rev": "1ebbe68d57457c8cae98145410b164b5477761f4",
        "type": "github"
      },
      "original": {
        "owner": "numtide",
        "repo": "devshell",
        "type": "github"
      }
    },
    "disko": {
      "inputs": {
        "nixpkgs": [
          "nixpkgs"
        ]
      },
      "locked": {
        "lastModified": 1719733833,
        "narHash": "sha256-6h2EqZU9bL9rHlXE+2LCBgnDImejzbS+4dYsNDDFlkY=",
        "owner": "nix-community",
        "repo": "disko",
        "rev": "d185770ea261fb5cf81aa5ad1791b93a7834d12c",
        "type": "github"
      },
      "original": {
        "owner": "nix-community",
        "repo": "disko",
        "type": "github"
      }
    },
    "emacs-overlay": {
      "inputs": {
        "flake-utils": [
          "flake-utils"
        ],
        "nixpkgs": [
          "nixpkgs"
        ],
        "nixpkgs-stable": [
          "blank"
        ]
      },
      "locked": {
        "lastModified": 1719764401,
        "narHash": "sha256-naI1UjTO74/fMnWqEZDnXmAt4bEnDvkbDLGehMJXY0Q=",
        "owner": "nix-community",
        "repo": "emacs-overlay",
        "rev": "a9a8471214818720e26b9602495bac67ed9472cd",
        "type": "github"
      },
      "original": {
        "owner": "nix-community",
        "repo": "emacs-overlay",
        "type": "github"
      }
    },
    "fenix": {
      "inputs": {
        "nixpkgs": [
          "nixpkgs"
        ],
        "rust-analyzer-src": "rust-analyzer-src"
      },
      "locked": {
        "lastModified": 1719728857,
        "narHash": "sha256-TW68WegsA2KLjQMHTaP2//tLgXSaFiRdZKxKUc7vEtY=",
        "owner": "nix-community",
        "repo": "fenix",
        "rev": "2c06f54eb102f325f88472a9713f6d779726c2f7",
        "type": "github"
      },
      "original": {
        "owner": "nix-community",
        "repo": "fenix",
        "type": "github"
      }
    },
    "flake-compat": {
      "flake": false,
      "locked": {
        "lastModified": 1696426674,
        "narHash": "sha256-kvjfFW7WAETZlt09AgDn1MrtKzP7t90Vf7vypd3OL1U=",
        "owner": "edolstra",
        "repo": "flake-compat",
        "rev": "0f9255e01c2351cc7d116c072cb317785dd33b33",
        "type": "github"
      },
      "original": {
        "owner": "edolstra",
        "repo": "flake-compat",
        "type": "github"
      }
    },
    "flake-parts": {
      "inputs": {
        "nixpkgs-lib": [
          "nixpkgs"
        ]
      },
      "locked": {
        "lastModified": 1719745305,
        "narHash": "sha256-xwgjVUpqSviudEkpQnioeez1Uo2wzrsMaJKJClh+Bls=",
        "owner": "hercules-ci",
        "repo": "flake-parts",
        "rev": "c3c5ecc05edc7dafba779c6c1a61cd08ac6583e9",
        "type": "github"
      },
      "original": {
        "owner": "hercules-ci",
        "repo": "flake-parts",
        "type": "github"
      }
    },
    "flake-schemas": {
      "locked": {
        "lastModified": 1719578772,
        "narHash": "sha256-twVbB0VtoL21skVW7dv9IjyfAe3RwNJLtRykGKe0SDw=",
        "owner": "determinatesystems",
        "repo": "flake-schemas",
        "rev": "e2723a64e9b2e4e68eed857a470fc6786ff31507",
        "type": "github"
      },
      "original": {
        "owner": "determinatesystems",
        "repo": "flake-schemas",
        "type": "github"
      }
    },
    "flake-utils": {
      "inputs": {
        "systems": [
          "systems"
        ]
      },
      "locked": {
        "lastModified": 1710146030,
        "narHash": "sha256-SZ5L6eA7HJ/nmkzGG7/ISclqe6oZdOZTNoesiInkXPQ=",
        "owner": "numtide",
        "repo": "flake-utils",
        "rev": "b1d9ab70662946ef0850d488da1c9019f3a9752a",
        "type": "github"
      },
      "original": {
        "owner": "numtide",
        "repo": "flake-utils",
        "type": "github"
      }
    },
    "flake-utils-plus": {
      "inputs": {
        "flake-utils": [
          "flake-utils"
        ]
      },
      "locked": {
        "lastModified": 1715533576,
        "narHash": "sha256-fT4ppWeCJ0uR300EH3i7kmgRZnAVxrH+XtK09jQWihk=",
        "owner": "gytis-ivaskevicius",
        "repo": "flake-utils-plus",
        "rev": "3542fe9126dc492e53ddd252bb0260fe035f2c0f",
        "type": "github"
      },
      "original": {
        "owner": "gytis-ivaskevicius",
        "repo": "flake-utils-plus",
        "type": "github"
      }
    },
    "flat-flake": {
      "inputs": {
        "crane": [
          "crane"
        ],
        "flake-compat": [
          "flake-compat"
        ],
        "flake-parts": [
          "flake-parts"
        ],
        "flake-utils": [
          "flake-utils"
        ],
        "nixpkgs": [
          "nixpkgs"
        ],
        "rust-overlay": [
          "rust-overlay"
        ],
        "systems": [
          "systems"
        ],
        "treefmt-nix": [
          "treefmt-nix"
        ]
      },
      "locked": {
        "lastModified": 1719764525,
        "narHash": "sha256-r+poSmEpv0vHxTWsQGYk8xP+EMg2xISAENb7LoKMPgQ=",
        "owner": "linyinfeng",
        "repo": "flat-flake",
        "rev": "376bbe1abd4b1530423a354b3defea39f599205f",
        "type": "github"
      },
      "original": {
        "owner": "linyinfeng",
        "repo": "flat-flake",
        "type": "github"
      }
    },
    "gitignore-nix": {
      "inputs": {
        "nixpkgs": [
          "nixpkgs"
        ]
      },
      "locked": {
        "lastModified": 1709087332,
        "narHash": "sha256-HG2cCnktfHsKV0s4XW83gU3F57gaTljL9KNSuG6bnQs=",
        "owner": "hercules-ci",
        "repo": "gitignore.nix",
        "rev": "637db329424fd7e46cf4185293b9cc8c88c95394",
        "type": "github"
      },
      "original": {
        "owner": "hercules-ci",
        "repo": "gitignore.nix",
        "type": "github"
      }
    },
    "haumea": {
      "inputs": {
        "nixpkgs": [
          "nixpkgs"
        ]
      },
      "locked": {
        "lastModified": 1708375098,
        "narHash": "sha256-DaFJp3wDHgOqx98U0SF57bXaH2Orp106c+jSdPCVu1E=",
        "owner": "nix-community",
        "repo": "haumea",
        "rev": "ec6350fd9353e7f27ce0e85d31f82e3ed73e4d70",
        "type": "github"
      },
      "original": {
        "owner": "nix-community",
        "repo": "haumea",
        "type": "github"
      }
    },
    "home-manager": {
      "inputs": {
        "nixpkgs": [
          "nixpkgs"
        ]
      },
      "locked": {
        "lastModified": 1719677234,
        "narHash": "sha256-qO9WZsj/0E6zcK4Ht1y/iJ8XfwbBzq7xdqhBh44OP/M=",
        "owner": "nix-community",
        "repo": "home-manager",
        "rev": "36317d4d38887f7629876b0e43c8d9593c5cc48d",
        "type": "github"
      },
      "original": {
        "owner": "nix-community",
        "repo": "home-manager",
        "type": "github"
      }
    },
    "hydra": {
      "inputs": {
        "nix": [
          "blank"
        ],
        "nixpkgs": [
          "nixpkgs"
        ]
      },
      "locked": {
        "lastModified": 1716479415,
        "narHash": "sha256-WAJJ4UL3hsqsfZ05cHthjEwItnv7Xy84r2y6lzkBMh8=",
        "owner": "nixos",
        "repo": "hydra",
        "rev": "b3e0d9a8b78d55e5fea394839524f5a24d694230",
        "type": "github"
      },
      "original": {
        "owner": "nixos",
        "repo": "hydra",
        "type": "github"
      }
    },
    "hyprcursor": {
      "inputs": {
        "hyprlang": [
          "hyprland",
          "hyprlang"
        ],
        "nixpkgs": [
          "hyprland",
          "nixpkgs"
        ],
        "systems": [
          "hyprland",
          "systems"
        ]
      },
      "locked": {
        "lastModified": 1718450675,
        "narHash": "sha256-jpsns6buS4bK+1sF8sL8AaixAiCRjA+nldTKvcwmvUs=",
        "owner": "hyprwm",
        "repo": "hyprcursor",
        "rev": "66d5b46ff94efbfa6fa3d1d1b66735f1779c34a6",
        "type": "github"
      },
      "original": {
        "owner": "hyprwm",
        "repo": "hyprcursor",
        "type": "github"
      }
    },
    "hyprland": {
      "inputs": {
        "hyprcursor": "hyprcursor",
        "hyprlang": "hyprlang",
        "hyprutils": "hyprutils",
        "hyprwayland-scanner": "hyprwayland-scanner",
        "nixpkgs": [
          "nixpkgs"
        ],
        "systems": [
          "systems"
        ],
        "xdph": "xdph"
      },
      "locked": {
        "lastModified": 1719746201,
        "narHash": "sha256-sP/efgGGiuWATzB01kMCTqox3aKeRZvTlTMqqxH7QaU=",
        "owner": "hyprwm",
        "repo": "hyprland",
        "rev": "4d6f96f74f9fa6e7b69790fa569ffe60267f8017",
        "type": "github"
      },
      "original": {
        "owner": "hyprwm",
        "repo": "hyprland",
        "type": "github"
      }
    },
    "hyprland-protocols": {
      "inputs": {
        "nixpkgs": [
          "hyprland",
          "xdph",
          "nixpkgs"
        ],
        "systems": [
          "hyprland",
          "xdph",
          "systems"
        ]
      },
      "locked": {
        "lastModified": 1714869498,
        "narHash": "sha256-vbLVOWvQqo4n1yvkg/Q70VTlPbMmTiCQfNTgcWDCfJM=",
        "owner": "hyprwm",
        "repo": "hyprland-protocols",
        "rev": "e06482e0e611130cd1929f75e8c1cf679e57d161",
        "type": "github"
      },
      "original": {
        "owner": "hyprwm",
        "repo": "hyprland-protocols",
        "type": "github"
      }
    },
    "hyprlang": {
      "inputs": {
        "hyprutils": [
          "hyprland",
          "hyprutils"
        ],
        "nixpkgs": [
          "hyprland",
          "nixpkgs"
        ],
        "systems": [
          "hyprland",
          "systems"
        ]
      },
      "locked": {
        "lastModified": 1717881852,
        "narHash": "sha256-XeeVoKHQgfKuXoP6q90sUqKyl7EYy3ol2dVZGM+Jj94=",
        "owner": "hyprwm",
        "repo": "hyprlang",
        "rev": "ec6938c66253429192274d612912649a0cfe4d28",
        "type": "github"
      },
      "original": {
        "owner": "hyprwm",
        "repo": "hyprlang",
        "type": "github"
      }
    },
    "hyprutils": {
      "inputs": {
        "nixpkgs": [
          "hyprland",
          "nixpkgs"
        ],
        "systems": [
          "hyprland",
          "systems"
        ]
      },
      "locked": {
        "lastModified": 1719316102,
        "narHash": "sha256-dmRz128j/lJmMuTYeCYPfSBRHHQO3VeH4PbmoyAhHzw=",
        "owner": "hyprwm",
        "repo": "hyprutils",
        "rev": "1f6bbec5954f623ff8d68e567bddcce97cd2f085",
        "type": "github"
      },
      "original": {
        "owner": "hyprwm",
        "repo": "hyprutils",
        "type": "github"
      }
    },
    "hyprwayland-scanner": {
      "inputs": {
        "nixpkgs": [
          "hyprland",
          "nixpkgs"
        ],
        "systems": [
          "hyprland",
          "systems"
        ]
      },
      "locked": {
        "lastModified": 1719067853,
        "narHash": "sha256-mAnZG/eQy72Fp1ImGtqCgUrDumnR1rMZv2E/zgP4U74=",
        "owner": "hyprwm",
        "repo": "hyprwayland-scanner",
        "rev": "914f083741e694092ee60a39d31f693d0a6dc734",
        "type": "github"
      },
      "original": {
        "owner": "hyprwm",
        "repo": "hyprwayland-scanner",
        "type": "github"
      }
    },
    "hyprwm-contrib": {
      "inputs": {
        "nixpkgs": [
          "nixpkgs"
        ]
      },
      "locked": {
        "lastModified": 1718476555,
        "narHash": "sha256-fuWpgh8KasByIJWE+xVd37Al0LV5YAn6s871T50qVY0=",
        "owner": "hyprwm",
        "repo": "contrib",
        "rev": "29a8374f4b9206d5c4af84aceb7fb5dff441ea60",
        "type": "github"
      },
      "original": {
        "owner": "hyprwm",
        "repo": "contrib",
        "type": "github"
      }
    },
    "impermanence": {
      "locked": {
        "lastModified": 1719091691,
        "narHash": "sha256-AxaLX5cBEcGtE02PeGsfscSb/fWMnyS7zMWBXQWDKbE=",
        "owner": "nix-community",
        "repo": "impermanence",
        "rev": "23c1f06316b67cb5dabdfe2973da3785cfe9c34a",
        "type": "github"
      },
      "original": {
        "owner": "nix-community",
        "repo": "impermanence",
        "type": "github"
      }
    },
    "lantian": {
      "inputs": {
        "flake-parts": [
          "flake-parts"
        ],
        "nix-index-database": [
          "nix-index-database"
        ],
        "nixpkgs": [
          "nixpkgs"
        ],
        "nvfetcher": [
          "nvfetcher"
        ],
        "pre-commit-hooks-nix": [
          "pre-commit-hooks-nix"
        ],
        "treefmt-nix": [
          "treefmt-nix"
        ]
      },
      "locked": {
        "lastModified": 1719733649,
        "narHash": "sha256-/NJnmYavHZwnSOZjqhliXXJzBuvSbty5LRZouIeT23Y=",
        "owner": "xddxdd",
        "repo": "nur-packages",
        "rev": "85d091dba1eb2be1a3cba504cc12e260bb14e2bc",
        "type": "github"
      },
      "original": {
        "owner": "xddxdd",
        "repo": "nur-packages",
        "type": "github"
      }
    },
    "lanzaboote": {
      "inputs": {
        "crane": [
          "crane"
        ],
        "flake-compat": [
          "flake-compat"
        ],
        "flake-parts": [
          "flake-parts"
        ],
        "flake-utils": [
          "flake-utils"
        ],
        "nixpkgs": [
          "nixpkgs"
        ],
        "pre-commit-hooks-nix": [
          "pre-commit-hooks-nix"
        ],
        "rust-overlay": [
          "rust-overlay"
        ]
      },
      "locked": {
        "lastModified": 1718813341,
        "narHash": "sha256-YluNt2nrFbnTZpKDcl28pvWDyxUWjEhBukh8T34bFhc=",
        "owner": "linyinfeng",
        "repo": "lanzaboote",
        "rev": "fafebc80d6e397f175ba43a6845a18213e4d517d",
        "type": "github"
      },
      "original": {
        "owner": "linyinfeng",
        "ref": "uki",
        "repo": "lanzaboote",
        "type": "github"
      }
    },
    "linyinfeng": {
      "inputs": {
        "devshell": [
          "devshell"
        ],
        "flake-compat": [
          "flake-compat"
        ],
        "flake-parts": [
          "flake-parts"
        ],
        "flake-utils": [
          "flake-utils"
        ],
        "nixos-stable": [
          "blank"
        ],
        "nixpkgs": [
          "nixpkgs"
        ],
        "nvfetcher": [
          "nvfetcher"
        ],
        "treefmt-nix": [
          "treefmt-nix"
        ]
      },
      "locked": {
        "lastModified": 1719758484,
        "narHash": "sha256-okBTsphFQIhzNoTI0/bB+6oIqILbM6UJtySF6+2CnTc=",
        "owner": "linyinfeng",
        "repo": "nur-packages",
        "rev": "4cd9c236f214844f27c2042393a25a506851ffe6",
        "type": "github"
      },
      "original": {
        "owner": "linyinfeng",
        "repo": "nur-packages",
        "type": "github"
      }
    },
    "mc-config": {
      "inputs": {
        "flake-parts": [
          "flake-parts"
        ],
        "flake-utils": [
          "flake-utils"
        ],
        "minecraft-json": [
          "minecraft-json"
        ],
        "minecraft-nix": [
          "minecraft-nix"
        ],
        "nixpkgs": [
          "nixpkgs"
        ],
        "systems": [
          "systems"
        ],
        "treefmt-nix": [
          "treefmt-nix"
        ]
      },
      "locked": {
        "lastModified": 1719763267,
        "narHash": "sha256-amDteVw1LjC5u4YCrDUGiENAmAJasMbDBkssM1LAovA=",
        "owner": "linyinfeng",
        "repo": "mc-config",
        "rev": "791abee214b4de6145bc1eaee0b1e0ba8a753265",
        "type": "github"
      },
      "original": {
        "owner": "linyinfeng",
        "repo": "mc-config",
        "type": "github"
      }
    },
    "mc-config-nuc": {
      "inputs": {
        "flake-parts": [
          "flake-parts"
        ],
        "flake-utils": [
          "flake-utils"
        ],
        "mc-config": [
          "mc-config"
        ],
        "nixpkgs": [
          "nixpkgs"
        ],
        "treefmt-nix": [
          "treefmt-nix"
        ]
      },
      "locked": {
        "lastModified": 1711633299,
        "narHash": "sha256-auhrLj/ouK1WNMB9cQZCAxnqU08snDX3FBmHzbecUko=",
        "owner": "linyinfeng",
        "repo": "mc-config-nuc",
        "rev": "738dac9921fc1aa3aacb8d730ea78c3f8d60a47d",
        "type": "github"
      },
      "original": {
        "owner": "linyinfeng",
        "repo": "mc-config-nuc",
        "type": "github"
      }
    },
    "minecraft-json": {
      "inputs": {
        "flake-utils": [
          "flake-utils"
        ],
        "nixpkgs": [
          "nixpkgs"
        ]
      },
      "locked": {
        "lastModified": 1718327830,
        "narHash": "sha256-NUKnHgKUoYcO01u1/eWHkk/Et2Cdd1wOL0zg3tQ06q0=",
        "owner": "ninlives",
        "repo": "minecraft.json",
        "rev": "7131eeebc41878cbc8947a60024de5a67061668c",
        "type": "github"
      },
      "original": {
        "owner": "ninlives",
        "repo": "minecraft.json",
        "type": "github"
      }
    },
    "minecraft-nix": {
      "inputs": {
        "flake-utils": [
          "flake-utils"
        ],
        "metadata": [
          "minecraft-json"
        ],
        "nixpkgs": [
          "nixpkgs"
        ]
      },
      "locked": {
        "lastModified": 1719710470,
        "narHash": "sha256-AuKWErIsQH/hLEiyVnIcr8SRh8285itco6KhL0oLzPA=",
        "owner": "ninlives",
        "repo": "minecraft.nix",
        "rev": "f645a5c80753f696396a119a7ae145aece89c1a1",
        "type": "github"
      },
      "original": {
        "owner": "ninlives",
        "repo": "minecraft.nix",
        "type": "github"
      }
    },
    "mobile-nixos": {
      "flake": false,
      "locked": {
        "lastModified": 1717658211,
        "narHash": "sha256-r5dk29UWgkZjauoFlfQgjLUSKjpLwOmPgW01+crfv7k=",
        "owner": "linyinfeng",
        "repo": "mobile-nixos",
        "rev": "cf45338d519478ab8ddba1bcabe4655e9e18983c",
        "type": "github"
      },
      "original": {
        "owner": "linyinfeng",
        "ref": "development",
        "repo": "mobile-nixos",
        "type": "github"
      }
    },
    "naersk": {
      "inputs": {
        "nixpkgs": [
          "nixpkgs"
        ]
      },
      "locked": {
        "lastModified": 1718727675,
        "narHash": "sha256-uFsCwWYI2pUpt0awahSBorDUrUfBhaAiyz+BPTS2MHk=",
        "owner": "nix-community",
        "repo": "naersk",
        "rev": "941ce6dc38762a7cfb90b5add223d584feed299b",
        "type": "github"
      },
      "original": {
        "owner": "nix-community",
        "repo": "naersk",
        "type": "github"
      }
    },
    "nix-fast-build": {
      "inputs": {
        "flake-parts": [
          "flake-parts"
        ],
        "nixpkgs": [
          "nixpkgs"
        ],
        "treefmt-nix": [
          "treefmt-nix"
        ]
      },
      "locked": {
        "lastModified": 1719475157,
        "narHash": "sha256-8zW6eWvE9T03cMpo/hY8RRZIsSCfs1zmsJOkEZzuYwM=",
        "owner": "mic92",
        "repo": "nix-fast-build",
        "rev": "030e586195c97424844965d2ce680140f6565c02",
        "type": "github"
      },
      "original": {
        "owner": "mic92",
        "repo": "nix-fast-build",
        "type": "github"
      }
    },
    "nix-gc-s3": {
      "inputs": {
        "blank": [
          "blank"
        ],
        "devshell": [
          "devshell"
        ],
        "flake-parts": [
          "flake-parts"
        ],
        "flake-utils": [
          "flake-utils"
        ],
        "nixpkgs": [
          "nixpkgs"
        ],
        "poetry2nix": [
          "poetry2nix"
        ],
        "systems": [
          "systems"
        ],
        "treefmt-nix": [
          "treefmt-nix"
        ]
      },
      "locked": {
        "lastModified": 1719763714,
        "narHash": "sha256-OgORpX9yqul5XxwAmEfqqky6LQVhxsa8SbS1yduYRPY=",
        "owner": "linyinfeng",
        "repo": "nix-gc-s3",
        "rev": "d733766232da38bbbcb35f1ae673ee82ae361faa",
        "type": "github"
      },
      "original": {
        "owner": "linyinfeng",
        "repo": "nix-gc-s3",
        "type": "github"
      }
    },
    "nix-github-actions": {
      "inputs": {
        "nixpkgs": [
          "nixpkgs"
        ]
      },
      "locked": {
        "lastModified": 1703863825,
        "narHash": "sha256-rXwqjtwiGKJheXB43ybM8NwWB8rO2dSRrEqes0S7F5Y=",
        "owner": "nix-community",
        "repo": "nix-github-actions",
        "rev": "5163432afc817cf8bd1f031418d1869e4c9d5547",
        "type": "github"
      },
      "original": {
        "owner": "nix-community",
        "repo": "nix-github-actions",
        "type": "github"
      }
    },
    "nix-index-database": {
      "inputs": {
        "nixpkgs": [
          "nixpkgs"
        ]
      },
      "locked": {
        "lastModified": 1719726405,
        "narHash": "sha256-DqeKlvYQ5Z1rC02we9ufHr8UTfqBRPhiPrGLqdJ91dQ=",
        "owner": "Mic92",
        "repo": "nix-index-database",
        "rev": "838a910df0f7e542de2327036b2867fd68ded3a2",
        "type": "github"
      },
      "original": {
        "owner": "Mic92",
        "repo": "nix-index-database",
        "type": "github"
      }
    },
    "nixago": {
      "inputs": {
        "flake-utils": [
          "flake-utils"
        ],
        "nixago-exts": [
          "nixago-exts"
        ],
        "nixpkgs": [
          "nixpkgs"
        ]
      },
      "locked": {
        "lastModified": 1714086354,
        "narHash": "sha256-yKVQMxL9p7zCWUhnGhDzRVT8sDgHoI3V595lBK0C2YA=",
        "owner": "nix-community",
        "repo": "nixago",
        "rev": "5133633e9fe6b144c8e00e3b212cdbd5a173b63d",
        "type": "github"
      },
      "original": {
        "owner": "nix-community",
        "repo": "nixago",
        "type": "github"
      }
    },
    "nixago-exts": {
      "inputs": {
        "flake-utils": [
          "flake-utils"
        ],
        "nixago": [
          "nixago"
        ],
        "nixpkgs": [
          "nixpkgs"
        ]
      },
      "locked": {
        "lastModified": 1676070308,
        "narHash": "sha256-QaJ65oc2l8iwQIGWUJ0EKjCeSuuCM/LqR8RauxZUUkc=",
        "owner": "nix-community",
        "repo": "nixago-extensions",
        "rev": "e5380cb0456f4ea3c86cf94e3039eb856bf07d0b",
        "type": "github"
      },
      "original": {
        "owner": "nix-community",
        "repo": "nixago-extensions",
        "type": "github"
      }
    },
    "nixos-cn": {
      "inputs": {
        "flake-utils": [
          "flake-utils"
        ],
        "nixpkgs": [
          "nixpkgs"
        ]
      },
      "locked": {
        "lastModified": 1682818384,
        "narHash": "sha256-l8jh9BQj6nfjPDYGyrZkZwX1GaOqBX+pBHU+7fFZU3w=",
        "owner": "nixos-cn",
        "repo": "flakes",
        "rev": "2d475ec68cca251ef6c6c69a9224db5c264c5e5b",
        "type": "github"
      },
      "original": {
        "owner": "nixos-cn",
        "repo": "flakes",
        "type": "github"
      }
    },
    "nixos-generators": {
      "inputs": {
        "nixlib": [
          "nixpkgs"
        ],
        "nixpkgs": [
          "nixpkgs"
        ]
      },
      "locked": {
        "lastModified": 1719450236,
        "narHash": "sha256-fh0l6pLvuTrTBakFMQfK7lwpjvWd5i+CFyVs8TMzPNo=",
        "owner": "nix-community",
        "repo": "nixos-generators",
        "rev": "1867f28f87fcf4e817f165003aff967a5280aaab",
        "type": "github"
      },
      "original": {
        "owner": "nix-community",
        "repo": "nixos-generators",
        "type": "github"
      }
    },
    "nixos-hardware": {
      "locked": {
        "lastModified": 1719681865,
        "narHash": "sha256-Lp+l1IsREVbz8WM35OJYZz8sAH0XOjrZWUXVB5bJ2qg=",
        "owner": "nixos",
        "repo": "nixos-hardware",
        "rev": "a59f00f5ac65b19382617ba00f360f8bc07ed3ac",
        "type": "github"
      },
      "original": {
        "owner": "nixos",
        "repo": "nixos-hardware",
        "type": "github"
      }
    },
    "nixos-riscv": {
      "inputs": {
        "nixos-hardware": [
          "nixos-hardware"
        ],
        "nixpkgs": "nixpkgs"
      },
      "locked": {
        "lastModified": 1718813325,
        "narHash": "sha256-TM5Th7jvEs7H6HRNam1SPYrT6hs6IgiC1D96L+Ox7AY=",
        "owner": "linyinfeng",
        "repo": "nixos-riscv",
        "rev": "46a3ac6db88d1cd42fac69b2f03171682d142f31",
        "type": "github"
      },
      "original": {
        "owner": "linyinfeng",
        "repo": "nixos-riscv",
        "type": "github"
      }
    },
    "nixos-wsl": {
      "inputs": {
        "flake-compat": [
          "flake-compat"
        ],
        "flake-utils": [
          "flake-utils"
        ],
        "nixpkgs": [
          "nixpkgs"
        ]
      },
      "locked": {
        "lastModified": 1719220171,
        "narHash": "sha256-xywM6JoGT8AwfoOFJBTv8GRlvNu8LYqqqMS/OQ6uCgE=",
        "owner": "nix-community",
        "repo": "nixos-wsl",
        "rev": "269411cfed6aab694e46f719277c972de96177bb",
        "type": "github"
      },
      "original": {
        "owner": "nix-community",
        "repo": "nixos-wsl",
        "type": "github"
      }
    },
    "nixpkgs": {
      "locked": {
        "lastModified": 1718808655,
        "narHash": "sha256-+LrlWMfddLVc38VVe/ZGQEwrUhbdCn0UtiVVV4BzfkA=",
        "owner": "NickCao",
        "repo": "nixpkgs",
        "rev": "e19c3685bfa6d8c2bc00087d85c51724b80e2c72",
        "type": "github"
      },
      "original": {
        "owner": "NickCao",
        "ref": "riscv",
        "repo": "nixpkgs",
        "type": "github"
      }
    },
    "nixpkgs-latest": {
      "locked": {
        "lastModified": 1719764577,
        "narHash": "sha256-304HNA/XvmyfD7JZfpqF4dEBnbUYci/gMZvDThXmYkE=",
        "owner": "nixos",
        "repo": "nixpkgs",
        "rev": "19581e2ce8bc43f898ef724f8072ebf62bebb325",
        "type": "github"
      },
      "original": {
        "owner": "nixos",
        "ref": "master",
        "repo": "nixpkgs",
        "type": "github"
      }
    },
    "nixpkgs-unstable-small": {
      "locked": {
        "lastModified": 1719718011,
        "narHash": "sha256-vGFce2Qr1o/M+0kOV4tNp5Tk8LzpkgH+rhVNdkKqKNc=",
        "owner": "nixos",
        "repo": "nixpkgs",
        "rev": "7244df692701da41a24ae1b10c03c63f5806b7db",
        "type": "github"
      },
      "original": {
        "owner": "nixos",
        "ref": "nixos-unstable-small",
        "repo": "nixpkgs",
        "type": "github"
      }
    },
    "nixpkgs_2": {
      "locked": {
        "lastModified": 1719506693,
        "narHash": "sha256-C8e9S7RzshSdHB7L+v9I51af1gDM5unhJ2xO1ywxNH8=",
        "owner": "nixos",
        "repo": "nixpkgs",
        "rev": "b2852eb9365c6de48ffb0dc2c9562591f652242a",
        "type": "github"
      },
      "original": {
        "owner": "nixos",
        "ref": "nixos-unstable",
        "repo": "nixpkgs",
        "type": "github"
      }
    },
    "nvfetcher": {
      "inputs": {
        "flake-compat": [
          "flake-compat"
        ],
        "flake-utils": [
          "flake-utils"
        ],
        "nixpkgs": [
          "nixpkgs"
        ]
      },
      "locked": {
        "lastModified": 1718252448,
        "narHash": "sha256-xZZBdKqe1ByITzvx65pVgGQ5jeb73MybjgrcfI84lEo=",
        "owner": "berberman",
        "repo": "nvfetcher",
        "rev": "fa7609950023462c6f91c425de7610c0bb6b86ba",
        "type": "github"
      },
      "original": {
        "owner": "berberman",
        "repo": "nvfetcher",
        "type": "github"
      }
    },
    "oranc": {
      "inputs": {
        "crane": [
          "crane"
        ],
        "flake-compat": [
          "flake-compat"
        ],
        "flake-parts": [
          "flake-parts"
        ],
        "nixpkgs": [
          "nixpkgs"
        ],
        "treefmt-nix": [
          "treefmt-nix"
        ]
      },
      "locked": {
        "lastModified": 1719678273,
        "narHash": "sha256-jvHemxytE+so+TdGT3yTHdiFRIRYAgbDOIXr2pdMiuM=",
        "owner": "linyinfeng",
        "repo": "oranc",
        "rev": "ab1dcc58383a77d86feb3aab4e9c7d5a26e0bc20",
        "type": "github"
      },
      "original": {
        "owner": "linyinfeng",
        "repo": "oranc",
        "type": "github"
      }
    },
    "pastebin": {
      "inputs": {
        "flake-parts": [
          "flake-parts"
        ],
        "nixpkgs": [
          "nixpkgs"
        ],
        "treefmt-nix": [
          "treefmt-nix"
        ]
      },
      "locked": {
        "lastModified": 1719764103,
        "narHash": "sha256-jKffNNNXz6yKBarfRNCxz8HVmcpLmXJ9v1nymlyzKIo=",
        "owner": "linyinfeng",
        "repo": "pastebin",
        "rev": "6fd78a2357fd3f141543021bab9477604e1cbf57",
        "type": "github"
      },
      "original": {
        "owner": "linyinfeng",
        "repo": "pastebin",
        "type": "github"
      }
    },
    "poetry2nix": {
      "inputs": {
        "flake-utils": [
          "flake-utils"
        ],
        "nix-github-actions": [
          "nix-github-actions"
        ],
        "nixpkgs": [
          "nixpkgs"
        ],
        "systems": [
          "systems"
        ],
        "treefmt-nix": [
          "treefmt-nix"
        ]
      },
      "locked": {
        "lastModified": 1719549552,
        "narHash": "sha256-efvBV+45uQA6r7aov48H6MhvKp1QUIyIX5gh9oueUzs=",
        "owner": "nix-community",
        "repo": "poetry2nix",
        "rev": "4fd045cdb85f2a0173021a4717dc01d92d7ab2b2",
        "type": "github"
      },
      "original": {
        "owner": "nix-community",
        "repo": "poetry2nix",
        "type": "github"
      }
    },
    "pre-commit-hooks-nix": {
      "inputs": {
        "flake-compat": [
          "flake-compat"
        ],
        "gitignore": [
          "gitignore-nix"
        ],
        "nixpkgs": [
          "nixpkgs"
        ],
        "nixpkgs-stable": [
          "nixpkgs"
        ]
      },
      "locked": {
        "lastModified": 1719259945,
        "narHash": "sha256-F1h+XIsGKT9TkGO3omxDLEb/9jOOsI6NnzsXFsZhry4=",
        "owner": "cachix",
        "repo": "pre-commit-hooks.nix",
        "rev": "0ff4381bbb8f7a52ca4a851660fc7a437a4c6e07",
        "type": "github"
      },
      "original": {
        "owner": "cachix",
        "repo": "pre-commit-hooks.nix",
        "type": "github"
      }
    },
    "root": {
      "inputs": {
        "ace-bot": "ace-bot",
        "angrr": "angrr",
        "blank": "blank",
        "commit-notifier": "commit-notifier",
        "crane": "crane",
        "deploy-rs": "deploy-rs",
        "devshell": "devshell",
        "disko": "disko",
        "emacs-overlay": "emacs-overlay",
        "fenix": "fenix",
        "flake-compat": "flake-compat",
        "flake-parts": "flake-parts",
        "flake-schemas": "flake-schemas",
        "flake-utils": "flake-utils",
        "flake-utils-plus": "flake-utils-plus",
        "flat-flake": "flat-flake",
        "gitignore-nix": "gitignore-nix",
        "haumea": "haumea",
        "home-manager": "home-manager",
        "hydra": "hydra",
        "hyprland": "hyprland",
        "hyprwm-contrib": "hyprwm-contrib",
        "impermanence": "impermanence",
        "lantian": "lantian",
        "lanzaboote": "lanzaboote",
        "linyinfeng": "linyinfeng",
        "mc-config": "mc-config",
        "mc-config-nuc": "mc-config-nuc",
        "minecraft-json": "minecraft-json",
        "minecraft-nix": "minecraft-nix",
        "mobile-nixos": "mobile-nixos",
        "naersk": "naersk",
        "nix-fast-build": "nix-fast-build",
        "nix-gc-s3": "nix-gc-s3",
        "nix-github-actions": "nix-github-actions",
        "nix-index-database": "nix-index-database",
        "nixago": "nixago",
        "nixago-exts": "nixago-exts",
        "nixos-cn": "nixos-cn",
        "nixos-generators": "nixos-generators",
        "nixos-hardware": "nixos-hardware",
        "nixos-riscv": "nixos-riscv",
        "nixos-wsl": "nixos-wsl",
        "nixpkgs": "nixpkgs_2",
        "nixpkgs-latest": "nixpkgs-latest",
        "nixpkgs-riscv": [
          "nixos-riscv",
          "nixpkgs"
        ],
        "nixpkgs-unstable-small": "nixpkgs-unstable-small",
        "nvfetcher": "nvfetcher",
        "oranc": "oranc",
        "pastebin": "pastebin",
        "poetry2nix": "poetry2nix",
        "pre-commit-hooks-nix": "pre-commit-hooks-nix",
        "rust-overlay": "rust-overlay",
        "sops-nix": "sops-nix",
        "systems": "systems",
        "treefmt-nix": "treefmt-nix",
        "typhon": "typhon",
        "weird-deployer": "weird-deployer"
      }
    },
    "rust-analyzer-src": {
      "flake": false,
      "locked": {
        "lastModified": 1719576535,
        "narHash": "sha256-YzF4P6YVInAjcR5eJHWefkKEu5t70KYVZMvdLODv8CM=",
        "owner": "rust-lang",
        "repo": "rust-analyzer",
        "rev": "9463d9eea4b87e651e7d8ed8425a9c92f23b1cdf",
        "type": "github"
      },
      "original": {
        "owner": "rust-lang",
        "ref": "nightly",
        "repo": "rust-analyzer",
        "type": "github"
      }
    },
    "rust-overlay": {
      "inputs": {
        "nixpkgs": [
          "nixpkgs"
        ]
      },
      "locked": {
        "lastModified": 1719714047,
        "narHash": "sha256-MeNPopLLv63EZj5L43j4TZkmW4wj1ouoc/h/E20sl/U=",
        "owner": "oxalica",
        "repo": "rust-overlay",
        "rev": "cb216719ce89a43dfb3d1b86a9575e89f4b727a4",
        "type": "github"
      },
      "original": {
        "owner": "oxalica",
        "repo": "rust-overlay",
        "type": "github"
      }
    },
    "sops-nix": {
      "inputs": {
        "nixpkgs": [
          "nixpkgs"
        ],
        "nixpkgs-stable": [
          "nixpkgs"
        ]
      },
      "locked": {
        "lastModified": 1719716556,
        "narHash": "sha256-KA9gy2Wkv76s4A8eLnOcdKVTygewbw3xsB8+awNMyqs=",
        "owner": "Mic92",
        "repo": "sops-nix",
        "rev": "b5974d4331fb6c893e808977a2e1a6d34b3162d6",
        "type": "github"
      },
      "original": {
        "owner": "Mic92",
        "repo": "sops-nix",
        "type": "github"
      }
    },
    "systems": {
      "locked": {
        "lastModified": 1681028828,
        "narHash": "sha256-Vy1rq5AaRuLzOxct8nz4T6wlgyUR7zLU309k9mBC768=",
        "owner": "nix-systems",
        "repo": "default",
        "rev": "da67096a3b9bf56a91d16901293e51ba5b49a27e",
        "type": "github"
      },
      "original": {
        "owner": "nix-systems",
        "repo": "default",
        "type": "github"
      }
    },
    "treefmt-nix": {
      "inputs": {
        "nixpkgs": [
          "nixpkgs"
        ]
      },
      "locked": {
        "lastModified": 1719749022,
        "narHash": "sha256-ddPKHcqaKCIFSFc/cvxS14goUhCOAwsM1PbMr0ZtHMg=",
        "owner": "numtide",
        "repo": "treefmt-nix",
        "rev": "8df5ff62195d4e67e2264df0b7f5e8c9995fd0bd",
        "type": "github"
      },
      "original": {
        "owner": "numtide",
        "repo": "treefmt-nix",
        "type": "github"
      }
    },
    "typhon": {
      "inputs": {
        "crane": [
          "crane"
        ],
        "flake-compat": [
          "flake-compat"
        ],
        "flake-schemas": [
          "flake-schemas"
        ],
        "nixpkgs": [
          "nixpkgs"
        ],
        "rust-overlay": [
          "rust-overlay"
        ]
      },
      "locked": {
        "lastModified": 1717523948,
        "narHash": "sha256-Pa57jFcQckJspn1R7JvHiz3U4LBE5AMB4MRM3yDFWeE=",
        "owner": "typhon-ci",
        "repo": "typhon",
        "rev": "8575fbaaafca205f4c946fe2c9b9d7d17576ad93",
        "type": "github"
      },
      "original": {
        "owner": "typhon-ci",
        "repo": "typhon",
        "type": "github"
      }
    },
    "weird-deployer": {
      "locked": {
        "lastModified": 1715745497,
        "narHash": "sha256-m+ZIZ6ZgT4pWk4SCh/3rib/yCt5CKsNqkHkoo4/4t5s=",
        "owner": "linyinfeng",
        "repo": "weird-deployer",
        "rev": "f3d553c127dda062239da4797c36b5fd12fadbf9",
        "type": "github"
      },
      "original": {
        "owner": "linyinfeng",
        "repo": "weird-deployer",
        "type": "github"
      }
    },
    "xdph": {
      "inputs": {
        "hyprland-protocols": "hyprland-protocols",
        "hyprlang": [
          "hyprland",
          "hyprlang"
        ],
        "nixpkgs": [
          "hyprland",
          "nixpkgs"
        ],
        "systems": [
          "hyprland",
          "systems"
        ]
      },
      "locked": {
        "lastModified": 1718619174,
        "narHash": "sha256-FWW68AVYmB91ZDQnhLMBNCUUTCjb1ZpO2k2KIytHtkA=",
        "owner": "hyprwm",
        "repo": "xdg-desktop-portal-hyprland",
        "rev": "c7894aa54f9a7dbd16df5cd24d420c8af22d5623",
        "type": "github"
      },
      "original": {
        "owner": "hyprwm",
        "repo": "xdg-desktop-portal-hyprland",
        "type": "github"
      }
    }
  },
  "root": "root",
  "version": 7
}
