{
  "nodes": {
    "ace-bot": {
      "inputs": {
        "crane": [
          "crane"
        ],
        "flake-compat": [
          "flake-compat"
        ],
        "flake-parts": [
          "flake-parts"
        ],
        "flake-utils": [
          "flake-utils"
        ],
        "nixpkgs": [
          "nixpkgs"
        ],
        "rust-overlay": [
          "rust-overlay"
        ],
        "treefmt-nix": [
          "treefmt-nix"
        ]
      },
      "locked": {
        "lastModified": 1712679420,
        "narHash": "sha256-UwqzxqBfJQXnPHZVMh1EeUgZmn1BUhNQJYMIDsj+SZQ=",
        "owner": "linyinfeng",
        "repo": "ace-bot",
        "rev": "31de0e83bac360036c7246d9fcf13299ffab46be",
        "type": "github"
      },
      "original": {
        "owner": "linyinfeng",
        "repo": "ace-bot",
        "type": "github"
      }
    },
    "angrr": {
      "inputs": {
        "crane": [
          "crane"
        ],
        "flake-compat": [
          "flake-compat"
        ],
        "flake-parts": [
          "flake-parts"
        ],
        "nixpkgs": [
          "nixpkgs"
        ],
        "treefmt-nix": [
          "treefmt-nix"
        ]
      },
      "locked": {
        "lastModified": 1712593166,
        "narHash": "sha256-JFuEnVYI8y5Kh8nFXVs4YkOvmXVSFMtFIrR1/OzHWas=",
        "owner": "linyinfeng",
        "repo": "angrr",
        "rev": "1c423c25fc0d585ca309b8d2ef4c00aa2c402090",
        "type": "github"
      },
      "original": {
        "owner": "linyinfeng",
        "repo": "angrr",
        "type": "github"
      }
    },
    "blank": {
      "locked": {
        "lastModified": 1625557891,
        "narHash": "sha256-O8/MWsPBGhhyPoPLHZAuoZiiHo9q6FLlEeIDEXuj6T4=",
        "owner": "divnix",
        "repo": "blank",
        "rev": "5a5d2684073d9f563072ed07c871d577a6c614a8",
        "type": "github"
      },
      "original": {
        "owner": "divnix",
        "repo": "blank",
        "type": "github"
      }
    },
    "commit-notifier": {
      "inputs": {
        "crane": [
          "crane"
        ],
        "flake-parts": [
          "flake-parts"
        ],
        "flake-utils": [
          "flake-utils"
        ],
        "nixpkgs": [
          "nixpkgs"
        ],
        "rust-overlay": [
          "rust-overlay"
        ],
        "systems": [
          "systems"
        ],
        "treefmt-nix": [
          "treefmt-nix"
        ]
      },
      "locked": {
        "lastModified": 1712665504,
        "narHash": "sha256-kYHkkEoW09G8D/9d2LoTy/2XeY7m9fIDrhmMPDHaoGw=",
        "owner": "linyinfeng",
        "repo": "commit-notifier",
        "rev": "623f395dd05cd61d16ad5f5fb0e16c0eb5c04764",
        "type": "github"
      },
      "original": {
        "owner": "linyinfeng",
        "repo": "commit-notifier",
        "type": "github"
      }
    },
    "crane": {
      "inputs": {
        "nixpkgs": [
          "nixpkgs"
        ]
      },
      "locked": {
        "lastModified": 1712513517,
        "narHash": "sha256-VuLm5tTMqfS82NZAsNfsW7U+pTZ1+GcOU7gYR/Fb1Z4=",
        "owner": "ipetkov",
        "repo": "crane",
        "rev": "9caad1eb0c69a13ee6467035353b71a76c85ea53",
        "type": "github"
      },
      "original": {
        "owner": "ipetkov",
        "repo": "crane",
        "type": "github"
      }
    },
    "deploy-rs": {
      "inputs": {
        "flake-compat": [
          "flake-compat"
        ],
        "nixpkgs": [
          "nixpkgs"
        ],
        "utils": [
          "flake-utils"
        ]
      },
      "locked": {
        "lastModified": 1711973905,
        "narHash": "sha256-UFKME/N1pbUtn+2Aqnk+agUt8CekbpuqwzljivfIme8=",
        "owner": "serokell",
        "repo": "deploy-rs",
        "rev": "88b3059b020da69cbe16526b8d639bd5e0b51c8b",
        "type": "github"
      },
      "original": {
        "owner": "serokell",
        "repo": "deploy-rs",
        "type": "github"
      }
    },
    "devshell": {
      "inputs": {
        "flake-utils": [
          "flake-utils"
        ],
        "nixpkgs": [
          "nixpkgs"
        ]
      },
      "locked": {
        "lastModified": 1711099426,
        "narHash": "sha256-HzpgM/wc3aqpnHJJ2oDqPBkNsqWbW0WfWUO8lKu8nGk=",
        "owner": "numtide",
        "repo": "devshell",
        "rev": "2d45b54ca4a183f2fdcf4b19c895b64fbf620ee8",
        "type": "github"
      },
      "original": {
        "owner": "numtide",
        "repo": "devshell",
        "type": "github"
      }
    },
    "disko": {
      "inputs": {
        "nixpkgs": [
          "nixpkgs"
        ]
      },
      "locked": {
        "lastModified": 1712612224,
        "narHash": "sha256-Tv4C8OSPVmm4LbpJGLFSODyvJy6DqrisEGPCQdNVOeY=",
        "owner": "nix-community",
        "repo": "disko",
        "rev": "79eab0e82cb126bf4ac170f44af82479f0895ab5",
        "type": "github"
      },
      "original": {
        "owner": "nix-community",
        "repo": "disko",
        "type": "github"
      }
    },
    "emacs-overlay": {
      "inputs": {
        "flake-utils": [
          "flake-utils"
        ],
        "nixpkgs": [
          "nixpkgs"
        ],
        "nixpkgs-stable": [
          "blank"
        ]
      },
      "locked": {
        "lastModified": 1712679405,
        "narHash": "sha256-JtShG1CWT44IfIc8T4qgWiGvziS9JqEeEAdh0gyOpGM=",
        "owner": "nix-community",
        "repo": "emacs-overlay",
        "rev": "f4051448dfea5f3b4559c90f979ef5021cef69c2",
        "type": "github"
      },
      "original": {
        "owner": "nix-community",
        "repo": "emacs-overlay",
        "type": "github"
      }
    },
    "fenix": {
      "inputs": {
        "nixpkgs": [
          "nixpkgs"
        ],
        "rust-analyzer-src": "rust-analyzer-src"
      },
      "locked": {
        "lastModified": 1712643814,
        "narHash": "sha256-5ITUWXf8klUGMSVsI5sWYlkMi9F1Pnx/8SmKe2Oo4YQ=",
        "owner": "nix-community",
        "repo": "fenix",
        "rev": "6f702a6dc8db259225a2f34510c077fe33c1f52e",
        "type": "github"
      },
      "original": {
        "owner": "nix-community",
        "repo": "fenix",
        "type": "github"
      }
    },
    "flake-compat": {
      "flake": false,
      "locked": {
        "lastModified": 1696426674,
        "narHash": "sha256-kvjfFW7WAETZlt09AgDn1MrtKzP7t90Vf7vypd3OL1U=",
        "owner": "edolstra",
        "repo": "flake-compat",
        "rev": "0f9255e01c2351cc7d116c072cb317785dd33b33",
        "type": "github"
      },
      "original": {
        "owner": "edolstra",
        "repo": "flake-compat",
        "type": "github"
      }
    },
    "flake-parts": {
      "inputs": {
        "nixpkgs-lib": [
          "nixpkgs"
        ]
      },
      "locked": {
        "lastModified": 1712014858,
        "narHash": "sha256-sB4SWl2lX95bExY2gMFG5HIzvva5AVMJd4Igm+GpZNw=",
        "owner": "hercules-ci",
        "repo": "flake-parts",
        "rev": "9126214d0a59633752a136528f5f3b9aa8565b7d",
        "type": "github"
      },
      "original": {
        "owner": "hercules-ci",
        "repo": "flake-parts",
        "type": "github"
      }
    },
    "flake-schemas": {
      "locked": {
        "lastModified": 1697467827,
        "narHash": "sha256-j8SR19V1SRysyJwpOBF4TLuAvAjF5t+gMiboN4gYQDU=",
        "owner": "determinatesystems",
        "repo": "flake-schemas",
        "rev": "764932025c817d4e500a8d2a4d8c565563923d29",
        "type": "github"
      },
      "original": {
        "owner": "determinatesystems",
        "repo": "flake-schemas",
        "type": "github"
      }
    },
    "flake-utils": {
      "inputs": {
        "systems": [
          "systems"
        ]
      },
      "locked": {
        "lastModified": 1710146030,
        "narHash": "sha256-SZ5L6eA7HJ/nmkzGG7/ISclqe6oZdOZTNoesiInkXPQ=",
        "owner": "numtide",
        "repo": "flake-utils",
        "rev": "b1d9ab70662946ef0850d488da1c9019f3a9752a",
        "type": "github"
      },
      "original": {
        "owner": "numtide",
        "repo": "flake-utils",
        "type": "github"
      }
    },
    "flake-utils-plus": {
      "inputs": {
        "flake-utils": [
          "flake-utils"
        ]
      },
      "locked": {
        "lastModified": 1696331477,
        "narHash": "sha256-YkbRa/1wQWdWkVJ01JvV+75KIdM37UErqKgTf0L54Fk=",
        "owner": "gytis-ivaskevicius",
        "repo": "flake-utils-plus",
        "rev": "bfc53579db89de750b25b0c5e7af299e0c06d7d3",
        "type": "github"
      },
      "original": {
        "owner": "gytis-ivaskevicius",
        "repo": "flake-utils-plus",
        "type": "github"
      }
    },
    "flat-flake": {
      "inputs": {
        "crane": [
          "crane"
        ],
        "flake-compat": [
          "flake-compat"
        ],
        "flake-parts": [
          "flake-parts"
        ],
        "flake-utils": [
          "flake-utils"
        ],
        "nixpkgs": [
          "nixpkgs"
        ],
        "rust-overlay": [
          "rust-overlay"
        ],
        "systems": [
          "systems"
        ],
        "treefmt-nix": [
          "treefmt-nix"
        ]
      },
      "locked": {
        "lastModified": 1712593324,
        "narHash": "sha256-lywPefLyjHfxBEaUNgN7VwbOFBIWM7I0lMH3gJ9cgxU=",
        "owner": "linyinfeng",
        "repo": "flat-flake",
        "rev": "e1da60de91575a55a994acbd4ef208e831973bc9",
        "type": "github"
      },
      "original": {
        "owner": "linyinfeng",
        "repo": "flat-flake",
        "type": "github"
      }
    },
    "gitignore-nix": {
      "inputs": {
        "nixpkgs": [
          "nixpkgs"
        ]
      },
      "locked": {
        "lastModified": 1709087332,
        "narHash": "sha256-HG2cCnktfHsKV0s4XW83gU3F57gaTljL9KNSuG6bnQs=",
        "owner": "hercules-ci",
        "repo": "gitignore.nix",
        "rev": "637db329424fd7e46cf4185293b9cc8c88c95394",
        "type": "github"
      },
      "original": {
        "owner": "hercules-ci",
        "repo": "gitignore.nix",
        "type": "github"
      }
    },
    "haumea": {
      "inputs": {
        "nixpkgs": [
          "nixpkgs"
        ]
      },
      "locked": {
        "lastModified": 1708375098,
        "narHash": "sha256-DaFJp3wDHgOqx98U0SF57bXaH2Orp106c+jSdPCVu1E=",
        "owner": "nix-community",
        "repo": "haumea",
        "rev": "ec6350fd9353e7f27ce0e85d31f82e3ed73e4d70",
        "type": "github"
      },
      "original": {
        "owner": "nix-community",
        "repo": "haumea",
        "type": "github"
      }
    },
    "home-manager": {
      "inputs": {
        "nixpkgs": [
          "nixpkgs"
        ]
      },
      "locked": {
        "lastModified": 1712645849,
        "narHash": "sha256-67v20E0gH7nvAaMsah2oRIocnxGO25fATUyzQHIywxQ=",
        "owner": "nix-community",
        "repo": "home-manager",
        "rev": "40a99619da804a78a0b166e5c6911108c059c3a8",
        "type": "github"
      },
      "original": {
        "owner": "nix-community",
        "repo": "home-manager",
        "type": "github"
      }
    },
    "hyprcursor": {
      "inputs": {
        "hyprlang": [
          "hyprlang"
        ],
        "nixpkgs": [
          "nixpkgs"
        ],
        "systems": [
          "systems"
        ]
      },
      "locked": {
        "lastModified": 1712676619,
        "narHash": "sha256-T0lV+xA07RzroRLwZsGbF9bWZNHInXS+oB0RJ6YdvWg=",
        "owner": "hyprwm",
        "repo": "hyprcursor",
        "rev": "6742e9d3e2d2e155f8222ae654f03fd1faa1314e",
        "type": "github"
      },
      "original": {
        "owner": "hyprwm",
        "repo": "hyprcursor",
        "type": "github"
      }
    },
    "hyprland": {
      "inputs": {
        "hyprcursor": [
          "hyprcursor"
        ],
        "hyprland-protocols": [
          "hyprland-protocols"
        ],
        "hyprlang": [
          "hyprlang"
        ],
        "nixpkgs": [
          "nixpkgs"
        ],
        "systems": [
          "systems"
        ],
        "wlroots": "wlroots",
        "xdph": [
          "xdph"
        ]
      },
      "locked": {
        "lastModified": 1712676164,
        "narHash": "sha256-CDxfxIUTu+2nkLjq46LWHa98WB85AcdglURwi5obgAM=",
        "owner": "hyprwm",
        "repo": "hyprland",
        "rev": "1343aa865d04d80313b0e674c28ecfdbeb90e876",
        "type": "github"
      },
      "original": {
        "owner": "hyprwm",
        "repo": "hyprland",
        "type": "github"
      }
    },
    "hyprland-protocols": {
      "inputs": {
        "nixpkgs": [
          "nixpkgs"
        ],
        "systems": [
          "systems"
        ]
      },
      "locked": {
        "lastModified": 1691753796,
        "narHash": "sha256-zOEwiWoXk3j3+EoF3ySUJmberFewWlagvewDRuWYAso=",
        "owner": "hyprwm",
        "repo": "hyprland-protocols",
        "rev": "0c2ce70625cb30aef199cb388f99e19a61a6ce03",
        "type": "github"
      },
      "original": {
        "owner": "hyprwm",
        "repo": "hyprland-protocols",
        "type": "github"
      }
    },
    "hyprlang": {
      "inputs": {
        "nixpkgs": [
          "nixpkgs"
        ],
        "systems": [
          "systems"
        ]
      },
      "locked": {
        "lastModified": 1711671891,
        "narHash": "sha256-C/Wwsy/RLxHP1axFFl+AnwJRWfd8gxDKKoa8nt8Qk3c=",
        "owner": "hyprwm",
        "repo": "hyprlang",
        "rev": "c1402612146ba06606ebf64963a02bc1efe11e74",
        "type": "github"
      },
      "original": {
        "owner": "hyprwm",
        "repo": "hyprlang",
        "type": "github"
      }
    },
    "hyprwm-contrib": {
      "inputs": {
        "nixpkgs": [
          "nixpkgs"
        ]
      },
      "locked": {
        "lastModified": 1712505318,
        "narHash": "sha256-fzlBLhXUN6y7mzEtcGNRDXxFakBEfaj4Bmj5PuoCNaM=",
        "owner": "hyprwm",
        "repo": "contrib",
        "rev": "5870244b592c22558b658dbaf94f9e41afb0316f",
        "type": "github"
      },
      "original": {
        "owner": "hyprwm",
        "repo": "contrib",
        "type": "github"
      }
    },
    "impermanence": {
      "locked": {
        "lastModified": 1708968331,
        "narHash": "sha256-VUXLaPusCBvwM3zhGbRIJVeYluh2uWuqtj4WirQ1L9Y=",
        "owner": "nix-community",
        "repo": "impermanence",
        "rev": "a33ef102a02ce77d3e39c25197664b7a636f9c30",
        "type": "github"
      },
      "original": {
        "owner": "nix-community",
        "repo": "impermanence",
        "type": "github"
      }
    },
    "lantian": {
      "inputs": {
        "flake-parts": [
          "flake-parts"
        ],
        "nix-index-database": [
          "nix-index-database"
        ],
        "nixpkgs": [
          "nixpkgs"
        ],
        "nvfetcher": [
          "nvfetcher"
        ]
      },
      "locked": {
        "lastModified": 1712471103,
        "narHash": "sha256-+nkvEi8Xiy1nVxEsfz9mZAi5I8RAZMihR76GHi8YTvU=",
        "owner": "xddxdd",
        "repo": "nur-packages",
        "rev": "fa9d960e71ebc0910fd82437e5be63ee25a3526a",
        "type": "github"
      },
      "original": {
        "owner": "xddxdd",
        "repo": "nur-packages",
        "type": "github"
      }
    },
    "lanzaboote": {
      "inputs": {
        "crane": [
          "crane"
        ],
        "flake-compat": [
          "flake-compat"
        ],
        "flake-parts": [
          "flake-parts"
        ],
        "flake-utils": [
          "flake-utils"
        ],
        "nixpkgs": [
          "nixpkgs"
        ],
        "pre-commit-hooks-nix": [
          "pre-commit-hooks-nix"
        ],
        "rust-overlay": [
          "rust-overlay"
        ]
      },
      "locked": {
        "lastModified": 1712261512,
        "narHash": "sha256-qsBZ3tJj/3LR8jNYyCKjyCe0ePj4cMynSWBMC1OEDtc=",
        "owner": "nix-community",
        "repo": "lanzaboote",
        "rev": "999c0cb03f748fe311bca78961dbf0562dc91659",
        "type": "github"
      },
      "original": {
        "owner": "nix-community",
        "repo": "lanzaboote",
        "type": "github"
      }
    },
    "latest": {
      "locked": {
        "lastModified": 1712679035,
        "narHash": "sha256-bebE0uONkPVm+AonWzpMXYPCHOBDQuQKL58jb5DrY0Y=",
        "owner": "nixos",
        "repo": "nixpkgs",
        "rev": "97d675f41172e88f1339513eaff0b84f996e6230",
        "type": "github"
      },
      "original": {
        "owner": "nixos",
        "ref": "master",
        "repo": "nixpkgs",
        "type": "github"
      }
    },
    "linyinfeng": {
      "inputs": {
        "devshell": [
          "devshell"
        ],
        "flake-compat": [
          "flake-compat"
        ],
        "flake-parts": [
          "flake-parts"
        ],
        "flake-utils": [
          "flake-utils"
        ],
        "nixos-stable": [
          "blank"
        ],
        "nixpkgs": [
          "nixpkgs"
        ],
        "nvfetcher": [
          "nvfetcher"
        ],
        "treefmt-nix": [
          "treefmt-nix"
        ]
      },
      "locked": {
        "lastModified": 1712428138,
        "narHash": "sha256-9E9LnZ5HfpYfRjc75xOCJqflplWhWw8tWWK9Ms7bEnc=",
        "owner": "linyinfeng",
        "repo": "nur-packages",
        "rev": "76ad6055d59906c333a0c6bc3f63b5af26b26f73",
        "type": "github"
      },
      "original": {
        "owner": "linyinfeng",
        "repo": "nur-packages",
        "type": "github"
      }
    },
    "mc-config": {
      "inputs": {
        "flake-parts": [
          "flake-parts"
        ],
        "flake-utils": [
          "flake-utils"
        ],
        "minecraft-json": [
          "minecraft-json"
        ],
        "minecraft-nix": [
          "minecraft-nix"
        ],
        "nixpkgs": [
          "nixpkgs"
        ],
        "systems": [
          "systems"
        ],
        "treefmt-nix": [
          "treefmt-nix"
        ]
      },
      "locked": {
        "lastModified": 1712678480,
        "narHash": "sha256-vc9bOPaiAA2fOmafYtBnMFbcuseGV+jZssgJQOi1Lo0=",
        "owner": "linyinfeng",
        "repo": "mc-config",
        "rev": "1ef8c6cbdad123b16ce61fa2f061b3067b33bb24",
        "type": "github"
      },
      "original": {
        "owner": "linyinfeng",
        "repo": "mc-config",
        "type": "github"
      }
    },
    "mc-config-nuc": {
      "inputs": {
        "flake-parts": [
          "flake-parts"
        ],
        "flake-utils": [
          "flake-utils"
        ],
        "mc-config": [
          "mc-config"
        ],
        "nixpkgs": [
          "nixpkgs"
        ],
        "treefmt-nix": [
          "treefmt-nix"
        ]
      },
      "locked": {
        "lastModified": 1711633299,
        "narHash": "sha256-auhrLj/ouK1WNMB9cQZCAxnqU08snDX3FBmHzbecUko=",
        "owner": "linyinfeng",
        "repo": "mc-config-nuc",
        "rev": "738dac9921fc1aa3aacb8d730ea78c3f8d60a47d",
        "type": "github"
      },
      "original": {
        "owner": "linyinfeng",
        "repo": "mc-config-nuc",
        "type": "github"
      }
    },
    "minecraft-json": {
      "inputs": {
        "flake-utils": [
          "flake-utils"
        ],
        "nixpkgs": [
          "nixpkgs"
        ]
      },
      "locked": {
        "lastModified": 1712193176,
        "narHash": "sha256-Qb9LtpjCczcSHbhP4B1cfZeNrFoKSrhTkCXQcef1tDU=",
        "owner": "ninlives",
        "repo": "minecraft.json",
        "rev": "69a2f6ac065a1230e482c60ad8f3c42a019d006e",
        "type": "github"
      },
      "original": {
        "owner": "ninlives",
        "repo": "minecraft.json",
        "type": "github"
      }
    },
    "minecraft-nix": {
      "inputs": {
        "flake-utils": [
          "flake-utils"
        ],
        "metadata": [
          "minecraft-json"
        ],
        "nixpkgs": [
          "nixpkgs"
        ]
      },
      "locked": {
        "lastModified": 1712624885,
        "narHash": "sha256-3h6YRymXbKUBJFCAxUDOKg4zXHxORo1C79eP1VjdmaQ=",
        "owner": "ninlives",
        "repo": "minecraft.nix",
        "rev": "a462191c2e68733ef6d12e7cab1b94092e619d95",
        "type": "github"
      },
      "original": {
        "owner": "ninlives",
        "repo": "minecraft.nix",
        "type": "github"
      }
    },
    "mobile-nixos": {
      "flake": false,
      "locked": {
        "lastModified": 1711757427,
        "narHash": "sha256-PqHK0J9YCRKlxpJp+UG+/xpwfIQRPVUPspvbbP3FB2M=",
        "owner": "nixos",
        "repo": "mobile-nixos",
        "rev": "f7087f8fdbd1309af315ef8c92345320aadc5edf",
        "type": "github"
      },
      "original": {
        "owner": "nixos",
        "ref": "development",
        "repo": "mobile-nixos",
        "type": "github"
      }
    },
    "naersk": {
      "inputs": {
        "nixpkgs": [
          "nixpkgs"
        ]
      },
      "locked": {
        "lastModified": 1698420672,
        "narHash": "sha256-/TdeHMPRjjdJub7p7+w55vyABrsJlt5QkznPYy55vKA=",
        "owner": "nix-community",
        "repo": "naersk",
        "rev": "aeb58d5e8faead8980a807c840232697982d47b9",
        "type": "github"
      },
      "original": {
        "owner": "nix-community",
        "repo": "naersk",
        "type": "github"
      }
    },
    "nix-fast-build": {
      "inputs": {
        "flake-parts": [
          "flake-parts"
        ],
        "nixpkgs": [
          "nixpkgs"
        ],
        "treefmt-nix": [
          "treefmt-nix"
        ]
      },
      "locked": {
        "lastModified": 1709911523,
        "narHash": "sha256-XNutwbRI6h57ybeKy0yYupfngWYcfcIqE0b0LgXnyxs=",
        "owner": "mic92",
        "repo": "nix-fast-build",
        "rev": "692fe3e98f36b60c678d637235271b57910a7f80",
        "type": "github"
      },
      "original": {
        "owner": "mic92",
        "repo": "nix-fast-build",
        "type": "github"
      }
    },
    "nix-gc-s3": {
      "inputs": {
        "blank": [
          "blank"
        ],
        "devshell": [
          "devshell"
        ],
        "flake-parts": [
          "flake-parts"
        ],
        "flake-utils": [
          "flake-utils"
        ],
        "nixpkgs": [
          "nixpkgs"
        ],
        "poetry2nix": [
          "poetry2nix"
        ],
        "systems": [
          "systems"
        ],
        "treefmt-nix": [
          "treefmt-nix"
        ]
      },
      "locked": {
        "lastModified": 1712678638,
        "narHash": "sha256-J8kIZM6xqS7ZBFJs3TTE+DtV7fZsN+OWz6zpshpzsnA=",
        "owner": "linyinfeng",
        "repo": "nix-gc-s3",
        "rev": "efb9fec2a10cbf5efe8b6f4fd1756098749b6875",
        "type": "github"
      },
      "original": {
        "owner": "linyinfeng",
        "repo": "nix-gc-s3",
        "type": "github"
      }
    },
    "nix-github-actions": {
      "inputs": {
        "nixpkgs": [
          "nixpkgs"
        ]
      },
      "locked": {
        "lastModified": 1703863825,
        "narHash": "sha256-rXwqjtwiGKJheXB43ybM8NwWB8rO2dSRrEqes0S7F5Y=",
        "owner": "nix-community",
        "repo": "nix-github-actions",
        "rev": "5163432afc817cf8bd1f031418d1869e4c9d5547",
        "type": "github"
      },
      "original": {
        "owner": "nix-community",
        "repo": "nix-github-actions",
        "type": "github"
      }
    },
    "nix-index-database": {
      "inputs": {
        "nixpkgs": [
          "nixpkgs"
        ]
      },
      "locked": {
        "lastModified": 1712459390,
        "narHash": "sha256-e12bNDottaGoBgd0AdH/bQvk854xunlWAdZwr/oHO1c=",
        "owner": "Mic92",
        "repo": "nix-index-database",
        "rev": "4676d72d872459e1e3a248d049609f110c570e9a",
        "type": "github"
      },
      "original": {
        "owner": "Mic92",
        "repo": "nix-index-database",
        "type": "github"
      }
    },
    "nixago": {
      "inputs": {
        "flake-utils": [
          "flake-utils"
        ],
        "nixago-exts": [
          "nixago-exts"
        ],
        "nixpkgs": [
          "nixpkgs"
        ]
      },
      "locked": {
        "lastModified": 1687381756,
        "narHash": "sha256-IUMIlYfrvj7Yli4H2vvyig8HEPpfCeMaE6+kBGPzFyk=",
        "owner": "nix-community",
        "repo": "nixago",
        "rev": "dacceb10cace103b3e66552ec9719fa0d33c0dc9",
        "type": "github"
      },
      "original": {
        "owner": "nix-community",
        "repo": "nixago",
        "type": "github"
      }
    },
    "nixago-exts": {
      "inputs": {
        "flake-utils": [
          "flake-utils"
        ],
        "nixago": [
          "nixago"
        ],
        "nixpkgs": [
          "nixpkgs"
        ]
      },
      "locked": {
        "lastModified": 1676070308,
        "narHash": "sha256-QaJ65oc2l8iwQIGWUJ0EKjCeSuuCM/LqR8RauxZUUkc=",
        "owner": "nix-community",
        "repo": "nixago-extensions",
        "rev": "e5380cb0456f4ea3c86cf94e3039eb856bf07d0b",
        "type": "github"
      },
      "original": {
        "owner": "nix-community",
        "repo": "nixago-extensions",
        "type": "github"
      }
    },
    "nixos-cn": {
      "inputs": {
        "flake-utils": [
          "flake-utils"
        ],
        "nixpkgs": [
          "nixpkgs"
        ]
      },
      "locked": {
        "lastModified": 1682818384,
        "narHash": "sha256-l8jh9BQj6nfjPDYGyrZkZwX1GaOqBX+pBHU+7fFZU3w=",
        "owner": "nixos-cn",
        "repo": "flakes",
        "rev": "2d475ec68cca251ef6c6c69a9224db5c264c5e5b",
        "type": "github"
      },
      "original": {
        "owner": "nixos-cn",
        "repo": "flakes",
        "type": "github"
      }
    },
    "nixos-generators": {
      "inputs": {
        "nixlib": [
          "nixpkgs"
        ],
        "nixpkgs": [
          "nixpkgs"
        ]
      },
      "locked": {
        "lastModified": 1712537332,
        "narHash": "sha256-yYlxv1sg/TNl6hghjAe0ct+/p5PwXiT1mpuaExjhR88=",
        "owner": "nix-community",
        "repo": "nixos-generators",
        "rev": "d942db8df8ee860556a38754f15b8d03bf7e6933",
        "type": "github"
      },
      "original": {
        "owner": "nix-community",
        "repo": "nixos-generators",
        "type": "github"
      }
    },
    "nixos-hardware": {
      "locked": {
        "lastModified": 1712566108,
        "narHash": "sha256-c9nT2ZODGqobISP41kUwCQ84Srwg7a/1TmPFQuol2/8=",
        "owner": "nixos",
        "repo": "nixos-hardware",
        "rev": "1e3b3a35b7083f4152f5a516798cf9b21e686465",
        "type": "github"
      },
      "original": {
        "owner": "nixos",
        "repo": "nixos-hardware",
        "type": "github"
      }
    },
    "nixos-riscv": {
      "inputs": {
        "nixos-hardware": [
          "nixos-hardware"
        ],
        "nixpkgs": "nixpkgs"
      },
      "locked": {
        "lastModified": 1712419609,
        "narHash": "sha256-pAulvJ07mrOXvRVQelLRoKBrkaf9LZfvXIzvwPoelww=",
        "owner": "linyinfeng",
        "repo": "nixos-riscv",
        "rev": "02841fa2b27fa0eb0e22a24afde058c74df48b15",
        "type": "github"
      },
      "original": {
        "owner": "linyinfeng",
        "repo": "nixos-riscv",
        "type": "github"
      }
    },
    "nixos-wsl": {
      "inputs": {
        "flake-compat": [
          "flake-compat"
        ],
        "flake-utils": [
          "flake-utils"
        ],
        "nixpkgs": [
          "nixpkgs"
        ]
      },
      "locked": {
        "lastModified": 1710519878,
        "narHash": "sha256-0dbc10OBFUVYyXC+C+N6vRUd8xyBSRxkcZ4Egipbx0M=",
        "owner": "nix-community",
        "repo": "nixos-wsl",
        "rev": "aef95bdb6800a3a2af7aa7083d6df03067da6592",
        "type": "github"
      },
      "original": {
        "owner": "nix-community",
        "repo": "nixos-wsl",
        "type": "github"
      }
    },
    "nixpkgs": {
      "locked": {
        "lastModified": 1712365538,
        "narHash": "sha256-6J29FSqGfkIupp/BURxI/Z3CDZo9y7qlTT2Fexgkxko=",
        "owner": "NickCao",
        "repo": "nixpkgs",
        "rev": "93f2971864549cf2280a830e4dd87635f5c5e521",
        "type": "github"
      },
      "original": {
        "owner": "NickCao",
        "ref": "riscv",
        "repo": "nixpkgs",
        "type": "github"
      }
    },
    "nixpkgs-terraform": {
      "locked": {
        "lastModified": 1705496572,
        "narHash": "sha256-rPIe9G5EBLXdBdn9ilGc0nq082lzQd0xGGe092R/5QE=",
        "owner": "nixos",
        "repo": "nixpkgs",
        "rev": "842d9d80cfd4560648c785f8a4e6f3b096790e19",
        "type": "github"
      },
      "original": {
        "owner": "nixos",
        "repo": "nixpkgs",
        "rev": "842d9d80cfd4560648c785f8a4e6f3b096790e19",
        "type": "github"
      }
    },
    "nixpkgs_2": {
      "locked": {
        "lastModified": 1712439257,
        "narHash": "sha256-aSpiNepFOMk9932HOax0XwNxbA38GOUVOiXfUVPOrck=",
        "owner": "nixos",
        "repo": "nixpkgs",
        "rev": "ff0dbd94265ac470dda06a657d5fe49de93b4599",
        "type": "github"
      },
      "original": {
        "owner": "nixos",
        "ref": "nixos-unstable",
        "repo": "nixpkgs",
        "type": "github"
      }
    },
    "nixpkgs_3": {
      "locked": {
        "lastModified": 1706371002,
        "narHash": "sha256-dwuorKimqSYgyu8Cw6ncKhyQjUDOyuXoxDTVmAXq88s=",
        "owner": "NixOS",
        "repo": "nixpkgs",
        "rev": "c002c6aa977ad22c60398daaa9be52f2203d0006",
        "type": "github"
      },
      "original": {
        "id": "nixpkgs",
        "ref": "nixos-unstable",
        "type": "indirect"
      }
    },
    "nvfetcher": {
      "inputs": {
        "flake-compat": [
          "flake-compat"
        ],
        "flake-utils": [
          "flake-utils"
        ],
        "nixpkgs": [
          "nixpkgs"
        ]
      },
      "locked": {
        "lastModified": 1712538578,
        "narHash": "sha256-+fFOtg2fQK6kafSucYDpMG8ENXgo52+YSQtCoXv/+Ik=",
        "owner": "berberman",
        "repo": "nvfetcher",
        "rev": "1463db224a54cbc9499860ef5a51a9b6bf7c3180",
        "type": "github"
      },
      "original": {
        "owner": "berberman",
        "repo": "nvfetcher",
        "type": "github"
      }
    },
    "oranc": {
      "inputs": {
        "crane": [
          "crane"
        ],
        "flake-compat": [
          "flake-compat"
        ],
        "flake-parts": [
          "flake-parts"
        ],
        "nixpkgs": [
          "nixpkgs"
        ],
        "treefmt-nix": [
          "treefmt-nix"
        ]
      },
      "locked": {
        "lastModified": 1712593425,
        "narHash": "sha256-LAfUbvI3u7Tj5Abe4d75G9It/XMzlSBrMTWDZYx8CNE=",
        "owner": "linyinfeng",
        "repo": "oranc",
        "rev": "6dae2b7fda063b716429a1a9b7c4fc75a5b3fa86",
        "type": "github"
      },
      "original": {
        "owner": "linyinfeng",
        "repo": "oranc",
        "type": "github"
      }
    },
    "pastebin": {
      "inputs": {
        "flake-parts": [
          "flake-parts"
        ],
        "nixpkgs": [
          "nixpkgs"
        ],
        "treefmt-nix": [
          "treefmt-nix"
        ]
      },
      "locked": {
        "lastModified": 1712506359,
        "narHash": "sha256-BrtSY0kxS6KOZDm7pLb+EZrB7XJkLnbZgAl6LKk3zt0=",
        "owner": "linyinfeng",
        "repo": "pastebin",
        "rev": "16e73c671331c0f13cb550d8e581c9d63177aa12",
        "type": "github"
      },
      "original": {
        "owner": "linyinfeng",
        "repo": "pastebin",
        "type": "github"
      }
    },
    "poetry2nix": {
      "inputs": {
        "flake-utils": [
          "flake-utils"
        ],
        "nix-github-actions": [
          "nix-github-actions"
        ],
        "nixpkgs": [
          "nixpkgs"
        ],
        "systems": [
          "systems"
        ],
        "treefmt-nix": [
          "treefmt-nix"
        ]
      },
      "locked": {
        "lastModified": 1708589824,
        "narHash": "sha256-2GOiFTkvs5MtVF65sC78KNVxQSmsxtk0WmV1wJ9V2ck=",
        "owner": "nix-community",
        "repo": "poetry2nix",
        "rev": "3c92540611f42d3fb2d0d084a6c694cd6544b609",
        "type": "github"
      },
      "original": {
        "owner": "nix-community",
        "repo": "poetry2nix",
        "type": "github"
      }
    },
    "pre-commit-hooks-nix": {
      "inputs": {
        "flake-compat": [
          "flake-compat"
        ],
        "flake-utils": [
          "flake-utils"
        ],
        "gitignore": [
          "gitignore-nix"
        ],
        "nixpkgs": [
          "nixpkgs"
        ],
        "nixpkgs-stable": [
          "nixpkgs"
        ]
      },
      "locked": {
        "lastModified": 1712579741,
        "narHash": "sha256-igpsH+pa6yFwYOdah3cFciCk8gw+ytniG9quf5f/q84=",
        "owner": "cachix",
        "repo": "pre-commit-hooks.nix",
        "rev": "70f504012f0a132ac33e56988e1028d88a48855c",
        "type": "github"
      },
      "original": {
        "owner": "cachix",
        "repo": "pre-commit-hooks.nix",
        "type": "github"
      }
    },
    "root": {
      "inputs": {
        "ace-bot": "ace-bot",
        "angrr": "angrr",
        "blank": "blank",
        "commit-notifier": "commit-notifier",
        "crane": "crane",
        "deploy-rs": "deploy-rs",
        "devshell": "devshell",
        "disko": "disko",
        "emacs-overlay": "emacs-overlay",
        "fenix": "fenix",
        "flake-compat": "flake-compat",
        "flake-parts": "flake-parts",
        "flake-schemas": "flake-schemas",
        "flake-utils": "flake-utils",
        "flake-utils-plus": "flake-utils-plus",
        "flat-flake": "flat-flake",
        "gitignore-nix": "gitignore-nix",
        "haumea": "haumea",
        "home-manager": "home-manager",
        "hyprcursor": "hyprcursor",
        "hyprland": "hyprland",
        "hyprland-protocols": "hyprland-protocols",
        "hyprlang": "hyprlang",
        "hyprwm-contrib": "hyprwm-contrib",
        "impermanence": "impermanence",
        "lantian": "lantian",
        "lanzaboote": "lanzaboote",
        "latest": "latest",
        "linyinfeng": "linyinfeng",
        "mc-config": "mc-config",
        "mc-config-nuc": "mc-config-nuc",
        "minecraft-json": "minecraft-json",
        "minecraft-nix": "minecraft-nix",
        "mobile-nixos": "mobile-nixos",
        "naersk": "naersk",
        "nix-fast-build": "nix-fast-build",
        "nix-gc-s3": "nix-gc-s3",
        "nix-github-actions": "nix-github-actions",
        "nix-index-database": "nix-index-database",
        "nixago": "nixago",
        "nixago-exts": "nixago-exts",
        "nixos-cn": "nixos-cn",
        "nixos-generators": "nixos-generators",
        "nixos-hardware": "nixos-hardware",
        "nixos-riscv": "nixos-riscv",
        "nixos-wsl": "nixos-wsl",
        "nixpkgs": "nixpkgs_2",
        "nixpkgs-riscv": [
          "nixos-riscv",
          "nixpkgs"
        ],
        "nixpkgs-terraform": "nixpkgs-terraform",
        "nvfetcher": "nvfetcher",
        "oranc": "oranc",
        "pastebin": "pastebin",
        "poetry2nix": "poetry2nix",
        "pre-commit-hooks-nix": "pre-commit-hooks-nix",
        "rust-overlay": "rust-overlay",
        "sops-nix": "sops-nix",
        "systems": "systems",
        "treefmt-nix": "treefmt-nix",
        "typhon": "typhon",
        "xdph": "xdph"
      }
    },
    "rust-analyzer-src": {
      "flake": false,
      "locked": {
        "lastModified": 1712554976,
        "narHash": "sha256-ywwHmTVe46MS7mKwtYSMRYIwC7o22aHB6/FCrTfT0J8=",
        "owner": "rust-lang",
        "repo": "rust-analyzer",
        "rev": "7a8374c162c64c17e865b98aad282d16b16e96d6",
        "type": "github"
      },
      "original": {
        "owner": "rust-lang",
        "ref": "nightly",
        "repo": "rust-analyzer",
        "type": "github"
      }
    },
    "rust-overlay": {
      "inputs": {
        "flake-utils": [
          "flake-utils"
        ],
        "nixpkgs": [
          "nixpkgs"
        ]
      },
      "locked": {
        "lastModified": 1712628742,
        "narHash": "sha256-FIAlt8mbPUs8jRuh6xpFtYzDsyHzmiLNPcen8HwvD00=",
        "owner": "oxalica",
        "repo": "rust-overlay",
        "rev": "e7354bb9e5f68b2074e272fd5f5ac3f4848860ba",
        "type": "github"
      },
      "original": {
        "owner": "oxalica",
        "repo": "rust-overlay",
        "type": "github"
      }
    },
    "sops-nix": {
      "inputs": {
        "nixpkgs": [
          "nixpkgs"
        ],
        "nixpkgs-stable": [
          "nixpkgs"
        ]
      },
      "locked": {
        "lastModified": 1712617241,
        "narHash": "sha256-a4hbls4vlLRMciv62YrYT/Xs/3Cubce8WFHPUDWwzf8=",
        "owner": "Mic92",
        "repo": "sops-nix",
        "rev": "538c114cfdf1f0458f507087b1dcf018ce1c0c4c",
        "type": "github"
      },
      "original": {
        "owner": "Mic92",
        "repo": "sops-nix",
        "type": "github"
      }
    },
    "systems": {
      "locked": {
        "lastModified": 1681028828,
        "narHash": "sha256-Vy1rq5AaRuLzOxct8nz4T6wlgyUR7zLU309k9mBC768=",
        "owner": "nix-systems",
        "repo": "default",
        "rev": "da67096a3b9bf56a91d16901293e51ba5b49a27e",
        "type": "github"
      },
      "original": {
        "owner": "nix-systems",
        "repo": "default",
        "type": "github"
      }
    },
    "treefmt-nix": {
      "inputs": {
        "nixpkgs": [
          "nixpkgs"
        ]
      },
      "locked": {
        "lastModified": 1711963903,
        "narHash": "sha256-N3QDhoaX+paWXHbEXZapqd1r95mdshxToGowtjtYkGI=",
        "owner": "numtide",
        "repo": "treefmt-nix",
        "rev": "49dc4a92b02b8e68798abd99184f228243b6e3ac",
        "type": "github"
      },
      "original": {
        "owner": "numtide",
        "repo": "treefmt-nix",
        "type": "github"
      }
    },
    "typhon": {
      "inputs": {
        "crane": [
          "crane"
        ],
        "flake-compat": [
          "flake-compat"
        ],
        "flake-schemas": [
          "flake-schemas"
        ],
        "nixpkgs": "nixpkgs_3",
        "rust-overlay": [
          "rust-overlay"
        ]
      },
      "locked": {
        "lastModified": 1708693001,
        "narHash": "sha256-1jRuMCCSabHPcaNvkcyd+4HdDFnn4Wr2JiB57kwba40=",
        "owner": "typhon-ci",
        "repo": "typhon",
        "rev": "f4bafa37cc195831d7ed6f52ef69b0de5b880b9f",
        "type": "github"
      },
      "original": {
        "owner": "typhon-ci",
        "repo": "typhon",
        "type": "github"
      }
    },
    "wlroots": {
      "flake": false,
      "locked": {
        "host": "gitlab.freedesktop.org",
        "lastModified": 1709983277,
        "narHash": "sha256-wXWIJLd4F2JZeMaihWVDW/yYXCLEC8OpeNJZg9a9ly8=",
        "owner": "wlroots",
        "repo": "wlroots",
        "rev": "50eae512d9cecbf0b3b1898bb1f0b40fa05fe19b",
        "type": "gitlab"
      },
      "original": {
        "host": "gitlab.freedesktop.org",
        "owner": "wlroots",
        "repo": "wlroots",
        "rev": "50eae512d9cecbf0b3b1898bb1f0b40fa05fe19b",
        "type": "gitlab"
      }
    },
    "xdph": {
      "inputs": {
        "hyprland-protocols": [
          "hyprland-protocols"
        ],
        "hyprlang": [
          "hyprlang"
        ],
        "nixpkgs": [
          "nixpkgs"
        ],
        "systems": [
          "systems"
        ]
      },
      "locked": {
        "lastModified": 1709299639,
        "narHash": "sha256-jYqJM5khksLIbqSxCLUUcqEgI+O2LdlSlcMEBs39CAU=",
        "owner": "hyprwm",
        "repo": "xdg-desktop-portal-hyprland",
        "rev": "2d2fb547178ec025da643db57d40a971507b82fe",
        "type": "github"
      },
      "original": {
        "owner": "hyprwm",
        "repo": "xdg-desktop-portal-hyprland",
        "type": "github"
      }
    }
  },
  "root": "root",
  "version": 7
}
