{
  "nodes": {
    "nixpkgs": {
      "locked": {
        "lastModified": 1620901170,
        "narHash": "sha256-hsJnA0fH6gGzj9KOoolUR+8mw+wNAJC/2SxjZsEq1AI=",
        "owner": "nixos",
        "repo": "nixpkgs",
        "rev": "d1601a40c48426ae460eede1675fd1d6ee23e198",
        "type": "github"
      },
      "original": {
        "owner": "nixos",
        "ref": "nixos-unstable",
        "repo": "nixpkgs",
        "type": "github"
      }
    },
    "root": {
      "inputs": {
        "nixpkgs": "nixpkgs"
      }
    }
  },
  "root": "root",
  "version": 7
}
