{
  "nodes": {
    "nixpkgs": {
      "locked": {
        "lastModified": 1619057301,
        "narHash": "sha256-1Y1nCnwGSQHM76KGIhz+8tOAGOT3wlP+dKjwoyQXCtg=",
        "owner": "nixos",
        "repo": "nixpkgs",
        "rev": "d235056d6d6dcbd2999bd55fd120d831d4df6304",
        "type": "github"
      },
      "original": {
        "owner": "nixos",
        "ref": "nixos-unstable",
        "repo": "nixpkgs",
        "type": "github"
      }
    },
    "root": {
      "inputs": {
        "nixpkgs": "nixpkgs"
      }
    }
  },
  "root": "root",
  "version": 7
}
